
Microsoft Visual Studio Solution File, Format Version 12.00
# Visual Studio Version 16
VisualStudioVersion = 16.0.31624.102
MinimumVisualStudioVersion = 10.0.40219.1
Project("{FAE04EC0-301F-11D3-BF4B-00C04F79EFBC}") = "WebAPITemplate", "WebAPITemplate\WebAPITemplate.csproj", "{A6AC9A45-AA13-4C9E-911F-8CD9CC212F73}"
EndProject
Global
	GlobalSection(SolutionConfigurationPlatforms) = preSolution
		Debug|Any CPU = Debug|Any CPU
		Release|Any CPU = Release|Any CPU
	EndGlobalSection
	GlobalSection(ProjectConfigurationPlatforms) = postSolution
		{A6AC9A45-AA13-4C9E-911F-8CD9CC212F73}.Debug|Any CPU.ActiveCfg = Debug|Any CPU
		{A6AC9A45-AA13-4C9E-911F-8CD9CC212F73}.Debug|Any CPU.Build.0 = Debug|Any CPU
		{A6AC9A45-AA13-4C9E-911F-8CD9CC212F73}.Release|Any CPU.ActiveCfg = Release|Any CPU
		{A6AC9A45-AA13-4C9E-911F-8CD9CC212F73}.Release|Any CPU.Build.0 = Release|Any CPU
	EndGlobalSection
	GlobalSection(SolutionProperties) = preSolution
		HideSolutionNode = FALSE
	EndGlobalSection
	GlobalSection(ExtensibilityGlobals) = postSolution
		SolutionGuid = {AE44F14B-D4BD-4B9D-ACB6-6C635ED55F27}
	EndGlobalSection
EndGlobal
